
Microsoft Visual Studio Solution File, Format Version 12.00
# Visual Studio Version 17
VisualStudioVersion = 17.4.33122.133
MinimumVisualStudioVersion = 10.0.40219.1
Project("{2150E333-8FDC-42A3-9474-1A3956D46DE8}") = "Services", "Services", "{653A1043-6B2B-4CD6-BC8C-03A9C5698056}"
EndProject
Project("{2150E333-8FDC-42A3-9474-1A3956D46DE8}") = "Catalog", "Catalog", "{D6816502-B652-4A45-99E9-FB06A2261DC6}"
EndProject
Project("{9A19103F-16F7-4668-BE54-9A1E7A4F7556}") = "Catalog.API", "Services\Catalog\Catalog.API\Catalog.API.csproj", "{905EC88F-40A9-4025-9942-B32E9224E524}"
EndProject
Project("{E53339B2-1760-4266-BCC7-CA923CBCF16C}") = "docker-compose", "docker-compose.dcproj", "{401D8C70-92B3-4A2D-9B78-85A09B9290A0}"
EndProject
Project("{2150E333-8FDC-42A3-9474-1A3956D46DE8}") = "Basket", "Basket", "{02A8781E-39B6-4722-A612-4964900889BD}"
EndProject
Project("{9A19103F-16F7-4668-BE54-9A1E7A4F7556}") = "Basket.API", "Services\Basket\Basket.API\Basket.API.csproj", "{8DA7A0BE-9DBA-48B3-AB94-C1D64067C37F}"
EndProject
Project("{2150E333-8FDC-42A3-9474-1A3956D46DE8}") = "Discount", "Discount", "{814839E9-A6AA-4660-97C8-764BE0E0EEF3}"
EndProject
Project("{9A19103F-16F7-4668-BE54-9A1E7A4F7556}") = "Discount.API", "Services\Discount\Discount.API\Discount.API.csproj", "{AA2F06C0-2F16-4E0A-B1BD-2AE3FB05BE63}"
EndProject
Project("{9A19103F-16F7-4668-BE54-9A1E7A4F7556}") = "Discount.Grpc", "Services\Discount\Discount.Grpc\Discount.Grpc.csproj", "{D20326F9-371C-46AA-AF0C-2D911BA31AAB}"
EndProject
Project("{2150E333-8FDC-42A3-9474-1A3956D46DE8}") = "Ordering", "Ordering", "{070C2E5F-1F6E-442C-A05D-197FCDC9D66B}"
EndProject
Project("{FAE04EC0-301F-11D3-BF4B-00C04F79EFBC}") = "Ordering.API", "Services\Ordering\Ordering.API\Ordering.API.csproj", "{8E5F0F4B-ABCC-4FEB-B59B-143B6EF2F309}"
EndProject
Project("{FAE04EC0-301F-11D3-BF4B-00C04F79EFBC}") = "Ordering.Domain", "Services\Ordering\Ordering.Domain\Ordering.Domain.csproj", "{8F9DA2EC-C1EB-4351-953D-381A50723291}"
EndProject
Project("{FAE04EC0-301F-11D3-BF4B-00C04F79EFBC}") = "Ordering.Application", "Services\Ordering\Ordering.Application\Ordering.Application.csproj", "{0A3844EA-590E-4A6F-B563-C73BECC0468B}"
EndProject
Project("{FAE04EC0-301F-11D3-BF4B-00C04F79EFBC}") = "Ordering.Infrastructure", "Services\Ordering\Ordering.Infrastructure\Ordering.Infrastructure.csproj", "{1BAD274A-0562-44AA-BFDF-EA051081A7FB}"
EndProject
Global
	GlobalSection(SolutionConfigurationPlatforms) = preSolution
		Debug|Any CPU = Debug|Any CPU
		Release|Any CPU = Release|Any CPU
	EndGlobalSection
	GlobalSection(ProjectConfigurationPlatforms) = postSolution
		{905EC88F-40A9-4025-9942-B32E9224E524}.Debug|Any CPU.ActiveCfg = Debug|Any CPU
		{905EC88F-40A9-4025-9942-B32E9224E524}.Debug|Any CPU.Build.0 = Debug|Any CPU
		{905EC88F-40A9-4025-9942-B32E9224E524}.Release|Any CPU.ActiveCfg = Release|Any CPU
		{905EC88F-40A9-4025-9942-B32E9224E524}.Release|Any CPU.Build.0 = Release|Any CPU
		{401D8C70-92B3-4A2D-9B78-85A09B9290A0}.Debug|Any CPU.ActiveCfg = Debug|Any CPU
		{401D8C70-92B3-4A2D-9B78-85A09B9290A0}.Debug|Any CPU.Build.0 = Debug|Any CPU
		{401D8C70-92B3-4A2D-9B78-85A09B9290A0}.Release|Any CPU.ActiveCfg = Release|Any CPU
		{401D8C70-92B3-4A2D-9B78-85A09B9290A0}.Release|Any CPU.Build.0 = Release|Any CPU
		{8DA7A0BE-9DBA-48B3-AB94-C1D64067C37F}.Debug|Any CPU.ActiveCfg = Debug|Any CPU
		{8DA7A0BE-9DBA-48B3-AB94-C1D64067C37F}.Debug|Any CPU.Build.0 = Debug|Any CPU
		{8DA7A0BE-9DBA-48B3-AB94-C1D64067C37F}.Release|Any CPU.ActiveCfg = Release|Any CPU
		{8DA7A0BE-9DBA-48B3-AB94-C1D64067C37F}.Release|Any CPU.Build.0 = Release|Any CPU
		{AA2F06C0-2F16-4E0A-B1BD-2AE3FB05BE63}.Debug|Any CPU.ActiveCfg = Debug|Any CPU
		{AA2F06C0-2F16-4E0A-B1BD-2AE3FB05BE63}.Debug|Any CPU.Build.0 = Debug|Any CPU
		{AA2F06C0-2F16-4E0A-B1BD-2AE3FB05BE63}.Release|Any CPU.ActiveCfg = Release|Any CPU
		{AA2F06C0-2F16-4E0A-B1BD-2AE3FB05BE63}.Release|Any CPU.Build.0 = Release|Any CPU
		{D20326F9-371C-46AA-AF0C-2D911BA31AAB}.Debug|Any CPU.ActiveCfg = Debug|Any CPU
		{D20326F9-371C-46AA-AF0C-2D911BA31AAB}.Debug|Any CPU.Build.0 = Debug|Any CPU
		{D20326F9-371C-46AA-AF0C-2D911BA31AAB}.Release|Any CPU.ActiveCfg = Release|Any CPU
		{D20326F9-371C-46AA-AF0C-2D911BA31AAB}.Release|Any CPU.Build.0 = Release|Any CPU
		{8E5F0F4B-ABCC-4FEB-B59B-143B6EF2F309}.Debug|Any CPU.ActiveCfg = Debug|Any CPU
		{8E5F0F4B-ABCC-4FEB-B59B-143B6EF2F309}.Debug|Any CPU.Build.0 = Debug|Any CPU
		{8E5F0F4B-ABCC-4FEB-B59B-143B6EF2F309}.Release|Any CPU.ActiveCfg = Release|Any CPU
		{8E5F0F4B-ABCC-4FEB-B59B-143B6EF2F309}.Release|Any CPU.Build.0 = Release|Any CPU
		{8F9DA2EC-C1EB-4351-953D-381A50723291}.Debug|Any CPU.ActiveCfg = Debug|Any CPU
		{8F9DA2EC-C1EB-4351-953D-381A50723291}.Debug|Any CPU.Build.0 = Debug|Any CPU
		{8F9DA2EC-C1EB-4351-953D-381A50723291}.Release|Any CPU.ActiveCfg = Release|Any CPU
		{8F9DA2EC-C1EB-4351-953D-381A50723291}.Release|Any CPU.Build.0 = Release|Any CPU
		{0A3844EA-590E-4A6F-B563-C73BECC0468B}.Debug|Any CPU.ActiveCfg = Debug|Any CPU
		{0A3844EA-590E-4A6F-B563-C73BECC0468B}.Debug|Any CPU.Build.0 = Debug|Any CPU
		{0A3844EA-590E-4A6F-B563-C73BECC0468B}.Release|Any CPU.ActiveCfg = Release|Any CPU
		{0A3844EA-590E-4A6F-B563-C73BECC0468B}.Release|Any CPU.Build.0 = Release|Any CPU
		{1BAD274A-0562-44AA-BFDF-EA051081A7FB}.Debug|Any CPU.ActiveCfg = Debug|Any CPU
		{1BAD274A-0562-44AA-BFDF-EA051081A7FB}.Debug|Any CPU.Build.0 = Debug|Any CPU
		{1BAD274A-0562-44AA-BFDF-EA051081A7FB}.Release|Any CPU.ActiveCfg = Release|Any CPU
		{1BAD274A-0562-44AA-BFDF-EA051081A7FB}.Release|Any CPU.Build.0 = Release|Any CPU
	EndGlobalSection
	GlobalSection(SolutionProperties) = preSolution
		HideSolutionNode = FALSE
	EndGlobalSection
	GlobalSection(NestedProjects) = preSolution
		{D6816502-B652-4A45-99E9-FB06A2261DC6} = {653A1043-6B2B-4CD6-BC8C-03A9C5698056}
		{905EC88F-40A9-4025-9942-B32E9224E524} = {D6816502-B652-4A45-99E9-FB06A2261DC6}
		{02A8781E-39B6-4722-A612-4964900889BD} = {653A1043-6B2B-4CD6-BC8C-03A9C5698056}
		{8DA7A0BE-9DBA-48B3-AB94-C1D64067C37F} = {02A8781E-39B6-4722-A612-4964900889BD}
		{814839E9-A6AA-4660-97C8-764BE0E0EEF3} = {653A1043-6B2B-4CD6-BC8C-03A9C5698056}
		{AA2F06C0-2F16-4E0A-B1BD-2AE3FB05BE63} = {814839E9-A6AA-4660-97C8-764BE0E0EEF3}
		{D20326F9-371C-46AA-AF0C-2D911BA31AAB} = {814839E9-A6AA-4660-97C8-764BE0E0EEF3}
		{070C2E5F-1F6E-442C-A05D-197FCDC9D66B} = {653A1043-6B2B-4CD6-BC8C-03A9C5698056}
		{8E5F0F4B-ABCC-4FEB-B59B-143B6EF2F309} = {070C2E5F-1F6E-442C-A05D-197FCDC9D66B}
		{8F9DA2EC-C1EB-4351-953D-381A50723291} = {070C2E5F-1F6E-442C-A05D-197FCDC9D66B}
		{0A3844EA-590E-4A6F-B563-C73BECC0468B} = {070C2E5F-1F6E-442C-A05D-197FCDC9D66B}
		{1BAD274A-0562-44AA-BFDF-EA051081A7FB} = {070C2E5F-1F6E-442C-A05D-197FCDC9D66B}
	EndGlobalSection
	GlobalSection(ExtensibilityGlobals) = postSolution
		SolutionGuid = {898A07B7-8928-40CF-963D-27EFFDBED814}
	EndGlobalSection
EndGlobal
